
Microsoft Visual Studio Solution File, Format Version 12.00
# Visual Studio 2012
Project("{FAE04EC0-301F-11D3-BF4B-00C04F79EFBC}") = "Lands", "Lands\Lands.csproj", "{27D486D5-8981-4865-B21E-604B7AE95E9F}"
EndProject
Project("{FAE04EC0-301F-11D3-BF4B-00C04F79EFBC}") = "Lands.iOS", "iOS\Lands.iOS.csproj", "{C712DB32-6E38-46CA-9D00-66C3D6F35633}"
EndProject
Project("{FAE04EC0-301F-11D3-BF4B-00C04F79EFBC}") = "Lands.Droid", "Droid\Lands.Droid.csproj", "{5D525F4B-9714-4E7B-A06F-9AF03E32BFB3}"
EndProject
Global
	GlobalSection(SolutionConfigurationPlatforms) = preSolution
		Debug|Any CPU = Debug|Any CPU
		Release|Any CPU = Release|Any CPU
		Debug|iPhoneSimulator = Debug|iPhoneSimulator
		Release|iPhone = Release|iPhone
		Release|iPhoneSimulator = Release|iPhoneSimulator
		Debug|iPhone = Debug|iPhone
	EndGlobalSection
	GlobalSection(ProjectConfigurationPlatforms) = postSolution
		{27D486D5-8981-4865-B21E-604B7AE95E9F}.Debug|Any CPU.ActiveCfg = Debug|Any CPU
		{27D486D5-8981-4865-B21E-604B7AE95E9F}.Debug|Any CPU.Build.0 = Debug|Any CPU
		{27D486D5-8981-4865-B21E-604B7AE95E9F}.Release|Any CPU.ActiveCfg = Release|Any CPU
		{27D486D5-8981-4865-B21E-604B7AE95E9F}.Release|Any CPU.Build.0 = Release|Any CPU
		{27D486D5-8981-4865-B21E-604B7AE95E9F}.Debug|iPhoneSimulator.ActiveCfg = Debug|Any CPU
		{27D486D5-8981-4865-B21E-604B7AE95E9F}.Debug|iPhoneSimulator.Build.0 = Debug|Any CPU
		{27D486D5-8981-4865-B21E-604B7AE95E9F}.Release|iPhone.ActiveCfg = Release|Any CPU
		{27D486D5-8981-4865-B21E-604B7AE95E9F}.Release|iPhone.Build.0 = Release|Any CPU
		{27D486D5-8981-4865-B21E-604B7AE95E9F}.Release|iPhoneSimulator.ActiveCfg = Release|Any CPU
		{27D486D5-8981-4865-B21E-604B7AE95E9F}.Release|iPhoneSimulator.Build.0 = Release|Any CPU
		{27D486D5-8981-4865-B21E-604B7AE95E9F}.Debug|iPhone.ActiveCfg = Debug|Any CPU
		{27D486D5-8981-4865-B21E-604B7AE95E9F}.Debug|iPhone.Build.0 = Debug|Any CPU
		{C712DB32-6E38-46CA-9D00-66C3D6F35633}.Debug|Any CPU.ActiveCfg = Debug|iPhoneSimulator
		{C712DB32-6E38-46CA-9D00-66C3D6F35633}.Debug|Any CPU.Build.0 = Debug|iPhoneSimulator
		{C712DB32-6E38-46CA-9D00-66C3D6F35633}.Release|Any CPU.ActiveCfg = Release|iPhone
		{C712DB32-6E38-46CA-9D00-66C3D6F35633}.Release|Any CPU.Build.0 = Release|iPhone
		{C712DB32-6E38-46CA-9D00-66C3D6F35633}.Debug|iPhoneSimulator.ActiveCfg = Debug|iPhoneSimulator
		{C712DB32-6E38-46CA-9D00-66C3D6F35633}.Debug|iPhoneSimulator.Build.0 = Debug|iPhoneSimulator
		{C712DB32-6E38-46CA-9D00-66C3D6F35633}.Release|iPhone.ActiveCfg = Release|iPhone
		{C712DB32-6E38-46CA-9D00-66C3D6F35633}.Release|iPhone.Build.0 = Release|iPhone
		{C712DB32-6E38-46CA-9D00-66C3D6F35633}.Release|iPhoneSimulator.ActiveCfg = Release|iPhoneSimulator
		{C712DB32-6E38-46CA-9D00-66C3D6F35633}.Release|iPhoneSimulator.Build.0 = Release|iPhoneSimulator
		{C712DB32-6E38-46CA-9D00-66C3D6F35633}.Debug|iPhone.ActiveCfg = Debug|iPhone
		{C712DB32-6E38-46CA-9D00-66C3D6F35633}.Debug|iPhone.Build.0 = Debug|iPhone
		{5D525F4B-9714-4E7B-A06F-9AF03E32BFB3}.Debug|Any CPU.ActiveCfg = Debug|Any CPU
		{5D525F4B-9714-4E7B-A06F-9AF03E32BFB3}.Debug|Any CPU.Build.0 = Debug|Any CPU
		{5D525F4B-9714-4E7B-A06F-9AF03E32BFB3}.Release|Any CPU.ActiveCfg = Release|Any CPU
		{5D525F4B-9714-4E7B-A06F-9AF03E32BFB3}.Release|Any CPU.Build.0 = Release|Any CPU
		{5D525F4B-9714-4E7B-A06F-9AF03E32BFB3}.Debug|iPhoneSimulator.ActiveCfg = Debug|Any CPU
		{5D525F4B-9714-4E7B-A06F-9AF03E32BFB3}.Debug|iPhoneSimulator.Build.0 = Debug|Any CPU
		{5D525F4B-9714-4E7B-A06F-9AF03E32BFB3}.Release|iPhone.ActiveCfg = Release|Any CPU
		{5D525F4B-9714-4E7B-A06F-9AF03E32BFB3}.Release|iPhone.Build.0 = Release|Any CPU
		{5D525F4B-9714-4E7B-A06F-9AF03E32BFB3}.Release|iPhoneSimulator.ActiveCfg = Release|Any CPU
		{5D525F4B-9714-4E7B-A06F-9AF03E32BFB3}.Release|iPhoneSimulator.Build.0 = Release|Any CPU
		{5D525F4B-9714-4E7B-A06F-9AF03E32BFB3}.Debug|iPhone.ActiveCfg = Debug|Any CPU
		{5D525F4B-9714-4E7B-A06F-9AF03E32BFB3}.Debug|iPhone.Build.0 = Debug|Any CPU
	EndGlobalSection
EndGlobal
